
Microsoft Visual Studio Solution File, Format Version 12.00
# Visual Studio Version 16
VisualStudioVersion = 16.0.30907.101
MinimumVisualStudioVersion = 10.0.40219.1
Project("{FAE04EC0-301F-11D3-BF4B-00C04F79EFBC}") = "Work5", "Work5\Work5.csproj", "{8BDB23C1-CB7B-4415-AF60-67EC3A957C9F}"
EndProject
Global
	GlobalSection(SolutionConfigurationPlatforms) = preSolution
		Debug|Any CPU = Debug|Any CPU
		Release|Any CPU = Release|Any CPU
	EndGlobalSection
	GlobalSection(ProjectConfigurationPlatforms) = postSolution
		{8BDB23C1-CB7B-4415-AF60-67EC3A957C9F}.Debug|Any CPU.ActiveCfg = Debug|Any CPU
		{8BDB23C1-CB7B-4415-AF60-67EC3A957C9F}.Debug|Any CPU.Build.0 = Debug|Any CPU
		{8BDB23C1-CB7B-4415-AF60-67EC3A957C9F}.Release|Any CPU.ActiveCfg = Release|Any CPU
		{8BDB23C1-CB7B-4415-AF60-67EC3A957C9F}.Release|Any CPU.Build.0 = Release|Any CPU
	EndGlobalSection
	GlobalSection(SolutionProperties) = preSolution
		HideSolutionNode = FALSE
	EndGlobalSection
	GlobalSection(ExtensibilityGlobals) = postSolution
		SolutionGuid = {1260ADB5-59DA-47CF-A381-5CC121B36AFC}
	EndGlobalSection
EndGlobal
